# This file is automatically @generated by Cargo.
# It is not intended for manual editing.
version = 3

[[package]]
name = "autocfg"
version = "1.0.1"
source = "registry+https://github.com/rust-lang/crates.io-index"
checksum = "cdb031dd78e28731d87d56cc8ffef4a8f36ca26c38fe2de700543e627f8a464a"

[[package]]
name = "bitflags"
version = "1.2.1"
source = "registry+https://github.com/rust-lang/crates.io-index"
checksum = "cf1de2fe8c75bc145a2f577add951f8134889b4795d47466a54a5c846d691693"

[[package]]
name = "cc"
version = "1.0.69"
source = "registry+https://github.com/rust-lang/crates.io-index"
checksum = "e70cc2f62c6ce1868963827bd677764c62d07c3d9a3e1fb1177ee1a9ab199eb2"

[[package]]
name = "cfg-if"
version = "1.0.0"
source = "registry+https://github.com/rust-lang/crates.io-index"
checksum = "baf1de4339761588bc0619e3cbc0120ee582ebb74b53b4efbf79117bd2da40fd"

[[package]]
name = "clap"
version = "2.33.3"
source = "registry+https://github.com/rust-lang/crates.io-index"
checksum = "37e58ac78573c40708d45522f0d80fa2f01cc4f9b4e2bf749807255454312002"
dependencies = [
 "bitflags",
 "textwrap",
 "unicode-width",
]

[[package]]
name = "ctrlc"
version = "3.2.0"
source = "registry+https://github.com/rust-lang/crates.io-index"
checksum = "377c9b002a72a0b2c1a18c62e2f3864bdfea4a015e3683a96e24aa45dd6c02d1"
dependencies = [
 "nix",
 "winapi",
]

[[package]]
name = "dirs-next"
version = "2.0.0"
source = "registry+https://github.com/rust-lang/crates.io-index"
checksum = "b98cf8ebf19c3d1b223e151f99a4f9f0690dca41414773390fc824184ac833e1"
dependencies = [
 "cfg-if",
 "dirs-sys-next",
]

[[package]]
name = "dirs-sys-next"
version = "0.1.2"
source = "registry+https://github.com/rust-lang/crates.io-index"
checksum = "4ebda144c4fe02d1f7ea1a7d9641b6fc6b580adcfa024ae48797ecdeb6825b4d"
dependencies = [
 "libc",
 "redox_users",
 "winapi",
]

[[package]]
name = "getrandom"
version = "0.2.3"
source = "registry+https://github.com/rust-lang/crates.io-index"
checksum = "7fcd999463524c52659517fe2cea98493cfe485d10565e7b0fb07dbba7ad2753"
dependencies = [
 "cfg-if",
 "libc",
 "wasi",
]

[[package]]
name = "libc"
version = "0.2.99"
source = "registry+https://github.com/rust-lang/crates.io-index"
checksum = "a7f823d141fe0a24df1e23b4af4e3c7ba9e5966ec514ea068c93024aa7deb765"

[[package]]
name = "memoffset"
version = "0.6.4"
source = "registry+https://github.com/rust-lang/crates.io-index"
checksum = "59accc507f1338036a0477ef61afdae33cde60840f4dfe481319ce3ad116ddf9"
dependencies = [
 "autocfg",
]

[[package]]
name = "merlin"
version = "1.3.1"
dependencies = [
 "clap",
 "ctrlc",
 "shellexpand",
]

[[package]]
name = "nix"
version = "0.22.1"
source = "registry+https://github.com/rust-lang/crates.io-index"
checksum = "e7555d6c7164cc913be1ce7f95cbecdabda61eb2ccd89008524af306fb7f5031"
dependencies = [
 "bitflags",
 "cc",
 "cfg-if",
 "libc",
 "memoffset",
]

[[package]]
name = "redox_syscall"
version = "0.2.8"
source = "registry+https://github.com/rust-lang/crates.io-index"
checksum = "742739e41cd49414de871ea5e549afb7e2a3ac77b589bcbebe8c82fab37147fc"
dependencies = [
 "bitflags",
]

[[package]]
name = "redox_users"
version = "0.4.0"
source = "registry+https://github.com/rust-lang/crates.io-index"
checksum = "528532f3d801c87aec9def2add9ca802fe569e44a544afe633765267840abe64"
dependencies = [
 "getrandom",
 "redox_syscall",
]

[[package]]
name = "shellexpand"
version = "2.1.0"
source = "registry+https://github.com/rust-lang/crates.io-index"
checksum = "83bdb7831b2d85ddf4a7b148aa19d0587eddbe8671a436b7bd1182eaad0f2829"
dependencies = [
 "dirs-next",
]

[[package]]
name = "textwrap"
version = "0.11.0"
source = "registry+https://github.com/rust-lang/crates.io-index"
checksum = "d326610f408c7a4eb6f51c37c330e496b08506c9457c9d34287ecc38809fb060"
dependencies = [
 "unicode-width",
]

[[package]]
name = "unicode-width"
version = "0.1.8"
source = "registry+https://github.com/rust-lang/crates.io-index"
checksum = "9337591893a19b88d8d87f2cec1e73fad5cdfd10e5a6f349f498ad6ea2ffb1e3"

[[package]]
name = "wasi"
version = "0.10.2+wasi-snapshot-preview1"
source = "registry+https://github.com/rust-lang/crates.io-index"
checksum = "fd6fbd9a79829dd1ad0cc20627bf1ed606756a7f77edff7b66b7064f9cb327c6"

[[package]]
name = "winapi"
version = "0.3.9"
source = "registry+https://github.com/rust-lang/crates.io-index"
checksum = "5c839a674fcd7a98952e593242ea400abe93992746761e38641405d28b00f419"
dependencies = [
 "winapi-i686-pc-windows-gnu",
 "winapi-x86_64-pc-windows-gnu",
]

[[package]]
name = "winapi-i686-pc-windows-gnu"
version = "0.4.0"
source = "registry+https://github.com/rust-lang/crates.io-index"
checksum = "ac3b87c63620426dd9b991e5ce0329eff545bccbbb34f3be09ff6fb6ab51b7b6"

[[package]]
name = "winapi-x86_64-pc-windows-gnu"
version = "0.4.0"
source = "registry+https://github.com/rust-lang/crates.io-index"
checksum = "712e227841d057c1ee1cd2fb22fa7e5a5461ae8e48fa2ca79ec42cfc1931183f"
